PODS:
  - Alamofire (4.3.0)
  - Inkwell (1.1.1):
    - Alamofire (~> 4.3.0)

DEPENDENCIES:
  - Inkwell (from `../`)

EXTERNAL SOURCES:
  Inkwell:
    :path: "../"

SPEC CHECKSUMS:
  Alamofire: 856a113053a7bc9cbe5d6367a555d773fc5cfef7
  Inkwell: 53fd3f752a68d581ca608783b1d0fdba572b2879

PODFILE CHECKSUM: f00b262621b0de7d20789563810efb8daa4aec2d

COCOAPODS: 1.2.0
